
Microsoft Visual Studio Solution File, Format Version 12.00
# Visual Studio Version 16
VisualStudioVersion = 16.0.29926.136
MinimumVisualStudioVersion = 10.0.40219.1
Project("{9A19103F-16F7-4668-BE54-9A1E7A4F7556}") = "Cubix", "Cubix\Cubix.csproj", "{19B91B03-37DA-4D98-8CF8-D08C60E752B5}"
EndProject
Project("{9A19103F-16F7-4668-BE54-9A1E7A4F7556}") = "Cubix.BAL", "Cubix.BAL\Cubix.BAL.csproj", "{5FD45995-548E-4383-9021-14FC7F724B21}"
EndProject
Project("{9A19103F-16F7-4668-BE54-9A1E7A4F7556}") = "Cubix.DAL", "Cubix.DAL\Cubix.DAL.csproj", "{98A1ABD8-68E2-442D-B0E5-40C51AB32527}"
EndProject
Project("{9A19103F-16F7-4668-BE54-9A1E7A4F7556}") = "Cubix.Models", "Cubix.Models\Cubix.Models.csproj", "{F7949CE9-5E8C-4D20-A7A2-D35DBC22875C}"
EndProject
Project("{9A19103F-16F7-4668-BE54-9A1E7A4F7556}") = "Cubix.Utility", "Cubix.Utility\Cubix.Utility.csproj", "{597CB3E4-34CA-4145-9565-D018C7B789F3}"
EndProject
Global
	GlobalSection(SolutionConfigurationPlatforms) = preSolution
		Debug|Any CPU = Debug|Any CPU
		Release|Any CPU = Release|Any CPU
	EndGlobalSection
	GlobalSection(ProjectConfigurationPlatforms) = postSolution
		{19B91B03-37DA-4D98-8CF8-D08C60E752B5}.Debug|Any CPU.ActiveCfg = Debug|Any CPU
		{19B91B03-37DA-4D98-8CF8-D08C60E752B5}.Debug|Any CPU.Build.0 = Debug|Any CPU
		{19B91B03-37DA-4D98-8CF8-D08C60E752B5}.Release|Any CPU.ActiveCfg = Release|Any CPU
		{19B91B03-37DA-4D98-8CF8-D08C60E752B5}.Release|Any CPU.Build.0 = Release|Any CPU
		{5FD45995-548E-4383-9021-14FC7F724B21}.Debug|Any CPU.ActiveCfg = Debug|Any CPU
		{5FD45995-548E-4383-9021-14FC7F724B21}.Debug|Any CPU.Build.0 = Debug|Any CPU
		{5FD45995-548E-4383-9021-14FC7F724B21}.Release|Any CPU.ActiveCfg = Release|Any CPU
		{5FD45995-548E-4383-9021-14FC7F724B21}.Release|Any CPU.Build.0 = Release|Any CPU
		{98A1ABD8-68E2-442D-B0E5-40C51AB32527}.Debug|Any CPU.ActiveCfg = Debug|Any CPU
		{98A1ABD8-68E2-442D-B0E5-40C51AB32527}.Debug|Any CPU.Build.0 = Debug|Any CPU
		{98A1ABD8-68E2-442D-B0E5-40C51AB32527}.Release|Any CPU.ActiveCfg = Release|Any CPU
		{98A1ABD8-68E2-442D-B0E5-40C51AB32527}.Release|Any CPU.Build.0 = Release|Any CPU
		{F7949CE9-5E8C-4D20-A7A2-D35DBC22875C}.Debug|Any CPU.ActiveCfg = Debug|Any CPU
		{F7949CE9-5E8C-4D20-A7A2-D35DBC22875C}.Debug|Any CPU.Build.0 = Debug|Any CPU
		{F7949CE9-5E8C-4D20-A7A2-D35DBC22875C}.Release|Any CPU.ActiveCfg = Release|Any CPU
		{F7949CE9-5E8C-4D20-A7A2-D35DBC22875C}.Release|Any CPU.Build.0 = Release|Any CPU
		{597CB3E4-34CA-4145-9565-D018C7B789F3}.Debug|Any CPU.ActiveCfg = Debug|Any CPU
		{597CB3E4-34CA-4145-9565-D018C7B789F3}.Debug|Any CPU.Build.0 = Debug|Any CPU
		{597CB3E4-34CA-4145-9565-D018C7B789F3}.Release|Any CPU.ActiveCfg = Release|Any CPU
		{597CB3E4-34CA-4145-9565-D018C7B789F3}.Release|Any CPU.Build.0 = Release|Any CPU
	EndGlobalSection
	GlobalSection(SolutionProperties) = preSolution
		HideSolutionNode = FALSE
	EndGlobalSection
	GlobalSection(ExtensibilityGlobals) = postSolution
		SolutionGuid = {572ADF5B-A0D1-4CDD-A45C-2DB4002875CA}
	EndGlobalSection
EndGlobal
